
Microsoft Visual Studio Solution File, Format Version 12.00
# Visual Studio Version 16
VisualStudioVersion = 16.0.30907.101
MinimumVisualStudioVersion = 10.0.40219.1
Project("{9A19103F-16F7-4668-BE54-9A1E7A4F7556}") = "DataAccess", "DataAccess\DataAccess.csproj", "{B6D9096D-C052-40B3-95F6-CC12D47828EA}"
EndProject
Project("{9A19103F-16F7-4668-BE54-9A1E7A4F7556}") = "Business", "Business\Business.csproj", "{95453B82-B140-4E08-B6E7-39BDC46A3577}"
EndProject
Project("{9A19103F-16F7-4668-BE54-9A1E7A4F7556}") = "Entities", "Entities\Entities.csproj", "{C79B3963-A84D-4740-B21C-ADCCE76CCCC0}"
EndProject
Project("{9A19103F-16F7-4668-BE54-9A1E7A4F7556}") = "ConsoleUI", "ConsoleUI\ConsoleUI.csproj", "{523EC9BB-2744-4159-85BC-4F24CF7C394B}"
EndProject
Project("{9A19103F-16F7-4668-BE54-9A1E7A4F7556}") = "Core", "Core\Core.csproj", "{F14C5C0F-1DA8-4D13-9239-B25997F48641}"
EndProject
Project("{FAE04EC0-301F-11D3-BF4B-00C04F79EFBC}") = "WebAPI", "WebAPI\WebAPI.csproj", "{5504AE13-9220-4C96-BDCC-D009F48350AE}"
EndProject
Global
	GlobalSection(SolutionConfigurationPlatforms) = preSolution
		Debug|Any CPU = Debug|Any CPU
		Release|Any CPU = Release|Any CPU
	EndGlobalSection
	GlobalSection(ProjectConfigurationPlatforms) = postSolution
		{B6D9096D-C052-40B3-95F6-CC12D47828EA}.Debug|Any CPU.ActiveCfg = Debug|Any CPU
		{B6D9096D-C052-40B3-95F6-CC12D47828EA}.Debug|Any CPU.Build.0 = Debug|Any CPU
		{B6D9096D-C052-40B3-95F6-CC12D47828EA}.Release|Any CPU.ActiveCfg = Release|Any CPU
		{B6D9096D-C052-40B3-95F6-CC12D47828EA}.Release|Any CPU.Build.0 = Release|Any CPU
		{95453B82-B140-4E08-B6E7-39BDC46A3577}.Debug|Any CPU.ActiveCfg = Debug|Any CPU
		{95453B82-B140-4E08-B6E7-39BDC46A3577}.Debug|Any CPU.Build.0 = Debug|Any CPU
		{95453B82-B140-4E08-B6E7-39BDC46A3577}.Release|Any CPU.ActiveCfg = Release|Any CPU
		{95453B82-B140-4E08-B6E7-39BDC46A3577}.Release|Any CPU.Build.0 = Release|Any CPU
		{C79B3963-A84D-4740-B21C-ADCCE76CCCC0}.Debug|Any CPU.ActiveCfg = Debug|Any CPU
		{C79B3963-A84D-4740-B21C-ADCCE76CCCC0}.Debug|Any CPU.Build.0 = Debug|Any CPU
		{C79B3963-A84D-4740-B21C-ADCCE76CCCC0}.Release|Any CPU.ActiveCfg = Release|Any CPU
		{C79B3963-A84D-4740-B21C-ADCCE76CCCC0}.Release|Any CPU.Build.0 = Release|Any CPU
		{523EC9BB-2744-4159-85BC-4F24CF7C394B}.Debug|Any CPU.ActiveCfg = Debug|Any CPU
		{523EC9BB-2744-4159-85BC-4F24CF7C394B}.Debug|Any CPU.Build.0 = Debug|Any CPU
		{523EC9BB-2744-4159-85BC-4F24CF7C394B}.Release|Any CPU.ActiveCfg = Release|Any CPU
		{523EC9BB-2744-4159-85BC-4F24CF7C394B}.Release|Any CPU.Build.0 = Release|Any CPU
		{F14C5C0F-1DA8-4D13-9239-B25997F48641}.Debug|Any CPU.ActiveCfg = Debug|Any CPU
		{F14C5C0F-1DA8-4D13-9239-B25997F48641}.Debug|Any CPU.Build.0 = Debug|Any CPU
		{F14C5C0F-1DA8-4D13-9239-B25997F48641}.Release|Any CPU.ActiveCfg = Release|Any CPU
		{F14C5C0F-1DA8-4D13-9239-B25997F48641}.Release|Any CPU.Build.0 = Release|Any CPU
		{5504AE13-9220-4C96-BDCC-D009F48350AE}.Debug|Any CPU.ActiveCfg = Debug|Any CPU
		{5504AE13-9220-4C96-BDCC-D009F48350AE}.Debug|Any CPU.Build.0 = Debug|Any CPU
		{5504AE13-9220-4C96-BDCC-D009F48350AE}.Release|Any CPU.ActiveCfg = Release|Any CPU
		{5504AE13-9220-4C96-BDCC-D009F48350AE}.Release|Any CPU.Build.0 = Release|Any CPU
	EndGlobalSection
	GlobalSection(SolutionProperties) = preSolution
		HideSolutionNode = FALSE
	EndGlobalSection
	GlobalSection(ExtensibilityGlobals) = postSolution
		SolutionGuid = {25F12EED-3BAA-4478-A715-A07D40490217}
	EndGlobalSection
EndGlobal
